github.com/appellative-ai/core v0.0.0-20250719174137-d0f0140ee937 h1:+7thGvT2bn3bhHhNCdisoSXCW548qr6v9DxhPjUlZA4=
github.com/appellative-ai/core v0.0.0-20250719174137-d0f0140ee937/go.mod h1:a8kfuZMJHcdtdksSK+aYw2Mp6lT+i25oQEB+UCqwyhs=
github.com/appellative-ai/core v0.0.0-20250724161709-d151c98ae9df h1:9UMDFh9zgbCgN4srwx/S56IXbhnAU7fp1BzfL1UBZh8=
github.com/appellative-ai/core v0.0.0-20250724161709-d151c98ae9df/go.mod h1:a8kfuZMJHcdtdksSK+aYw2Mp6lT+i25oQEB+UCqwyhs=
github.com/appellative-ai/postgres v0.0.0-20250722133651-71809ca7b9fe h1:ld74p33F3NKxGq5XxzmGr7t8Yp196a6GqNVdRR30yrQ=
github.com/appellative-ai/postgres v0.0.0-20250722133651-71809ca7b9fe/go.mod h1:yhQjulRZ/Qk3Gxq3DYQsQpGXdvaWts9BtN3WZ3i3viA=
